// !$*UTF8*$!
{
	archiveVersion = 1;
	classes = {
	};
	objectVersion = 55;
	objects = {

/* Begin PBXBuildFile section */
		8E9225DC28B56DEC00A2C21E /* AppDelegate.swift in Sources */ = {isa = PBXBuildFile; fileRef = 8E9225DB28B56DEC00A2C21E /* AppDelegate.swift */; };
		8E9225DE28B56DEC00A2C21E /* SceneDelegate.swift in Sources */ = {isa = PBXBuildFile; fileRef = 8E9225DD28B56DEC00A2C21E /* SceneDelegate.swift */; };
		8E9225E028B56DEC00A2C21E /* ViewController.swift in Sources */ = {isa = PBXBuildFile; fileRef = 8E9225DF28B56DEC00A2C21E /* ViewController.swift */; };
		8E9225E328B56DEC00A2C21E /* Main.storyboard in Resources */ = {isa = PBXBuildFile; fileRef = 8E9225E128B56DEC00A2C21E /* Main.storyboard */; };
		8E9225E528B56DEE00A2C21E /* Assets.xcassets in Resources */ = {isa = PBXBuildFile; fileRef = 8E9225E428B56DEE00A2C21E /* Assets.xcassets */; };
		8E9225E828B56DEE00A2C21E /* LaunchScreen.storyboard in Resources */ = {isa = PBXBuildFile; fileRef = 8E9225E628B56DEE00A2C21E /* LaunchScreen.storyboard */; };
		8E9225F328B56DEF00A2C21E /* I_am_RichTests.swift in Sources */ = {isa = PBXBuildFile; fileRef = 8E9225F228B56DEF00A2C21E /* I_am_RichTests.swift */; };
		8E9225FD28B56DEF00A2C21E /* I_am_RichUITests.swift in Sources */ = {isa = PBXBuildFile; fileRef = 8E9225FC28B56DEF00A2C21E /* I_am_RichUITests.swift */; };
		8E9225FF28B56DEF00A2C21E /* I_am_RichUITestsLaunchTests.swift in Sources */ = {isa = PBXBuildFile; fileRef = 8E9225FE28B56DEF00A2C21E /* I_am_RichUITestsLaunchTests.swift */; };
/* End PBXBuildFile section */

/* Begin PBXContainerItemProxy section */
		8E9225EF28B56DEF00A2C21E /* PBXContainerItemProxy */ = {
			isa = PBXContainerItemProxy;
			containerPortal = 8E9225D028B56DEC00A2C21E /* Project object */;
			proxyType = 1;
			remoteGlobalIDString = 8E9225D728B56DEC00A2C21E;
			remoteInfo = "I am Rich";
		};
		8E9225F928B56DEF00A2C21E /* PBXContainerItemProxy */ = {
			isa = PBXContainerItemProxy;
			containerPortal = 8E9225D028B56DEC00A2C21E /* Project object */;
			proxyType = 1;
			remoteGlobalIDString = 8E9225D728B56DEC00A2C21E;
			remoteInfo = "I am Rich";
		};
/* End PBXContainerItemProxy section */

/* Begin PBXFileReference section */
		8E9225D828B56DEC00A2C21E /* I am Rich.app */ = {isa = PBXFileReference; explicitFileType = wrapper.application; includeInIndex = 0; path = "I am Rich.app"; sourceTree = BUILT_PRODUCTS_DIR; };
		8E9225DB28B56DEC00A2C21E /* AppDelegate.swift */ = {isa = PBXFileReference; lastKnownFileType = sourcecode.swift; path = AppDelegate.swift; sourceTree = "<group>"; };
		8E9225DD28B56DEC00A2C21E /* SceneDelegate.swift */ = {isa = PBXFileReference; lastKnownFileType = sourcecode.swift; path = SceneDelegate.swift; sourceTree = "<group>"; };
		8E9225DF28B56DEC00A2C21E /* ViewController.swift */ = {isa = PBXFileReference; lastKnownFileType = sourcecode.swift; path = ViewController.swift; sourceTree = "<group>"; };
		8E9225E228B56DEC00A2C21E /* Base */ = {isa = PBXFileReference; lastKnownFileType = file.storyboard; name = Base; path = Base.lproj/Main.storyboard; sourceTree = "<group>"; };
		8E9225E428B56DEE00A2C21E /* Assets.xcassets */ = {isa = PBXFileReference; lastKnownFileType = folder.assetcatalog; path = Assets.xcassets; sourceTree = "<group>"; };
		8E9225E728B56DEE00A2C21E /* Base */ = {isa = PBXFileReference; lastKnownFileType = file.storyboard; name = Base; path = Base.lproj/LaunchScreen.storyboard; sourceTree = "<group>"; };
		8E9225E928B56DEE00A2C21E /* Info.plist */ = {isa = PBXFileReference; lastKnownFileType = text.plist.xml; path = Info.plist; sourceTree = "<group>"; };
		8E9225EE28B56DEF00A2C21E /* I am RichTests.xctest */ = {isa = PBXFileReference; explicitFileType = wrapper.cfbundle; includeInIndex = 0; path = "I am RichTests.xctest"; sourceTree = BUILT_PRODUCTS_DIR; };
		8E9225F228B56DEF00A2C21E /* I_am_RichTests.swift */ = {isa = PBXFileReference; lastKnownFileType = sourcecode.swift; path = I_am_RichTests.swift; sourceTree = "<group>"; };
		8E9225F828B56DEF00A2C21E /* I am RichUITests.xctest */ = {isa = PBXFileReference; explicitFileType = wrapper.cfbundle; includeInIndex = 0; path = "I am RichUITests.xctest"; sourceTree = BUILT_PRODUCTS_DIR; };
		8E9225FC28B56DEF00A2C21E /* I_am_RichUITests.swift */ = {isa = PBXFileReference; lastKnownFileType = sourcecode.swift; path = I_am_RichUITests.swift; sourceTree = "<group>"; };
		8E9225FE28B56DEF00A2C21E /* I_am_RichUITestsLaunchTests.swift */ = {isa = PBXFileReference; lastKnownFileType = sourcecode.swift; path = I_am_RichUITestsLaunchTests.swift; sourceTree = "<group>"; };
/* End PBXFileReference section */

/* Begin PBXFrameworksBuildPhase section */
		8E9225D528B56DEC00A2C21E /* Frameworks */ = {
			isa = PBXFrameworksBuildPhase;
			buildActionMask = 2147483647;
			files = (
			);
			runOnlyForDeploymentPostprocessing = 0;
		};
		8E9225EB28B56DEF00A2C21E /* Frameworks */ = {
			isa = PBXFrameworksBuildPhase;
			buildActionMask = 2147483647;
			files = (
			);
			runOnlyForDeploymentPostprocessing = 0;
		};
		8E9225F528B56DEF00A2C21E /* Frameworks */ = {
			isa = PBXFrameworksBuildPhase;
			buildActionMask = 2147483647;
			files = (
			);
			runOnlyForDeploymentPostprocessing = 0;
		};
/* End PBXFrameworksBuildPhase section */

/* Begin PBXGroup section */
		8E9225CF28B56DEC00A2C21E = {
			isa = PBXGroup;
			children = (
				8E9225DA28B56DEC00A2C21E /* I am Rich */,
				8E9225F128B56DEF00A2C21E /* I am RichTests */,
				8E9225FB28B56DEF00A2C21E /* I am RichUITests */,
				8E9225D928B56DEC00A2C21E /* Products */,
			);
			sourceTree = "<group>";
		};
		8E9225D928B56DEC00A2C21E /* Products */ = {
			isa = PBXGroup;
			children = (
				8E9225D828B56DEC00A2C21E /* I am Rich.app */,
				8E9225EE28B56DEF00A2C21E /* I am RichTests.xctest */,
				8E9225F828B56DEF00A2C21E /* I am RichUITests.xctest */,
			);
			name = Products;
			sourceTree = "<group>";
		};
		8E9225DA28B56DEC00A2C21E /* I am Rich */ = {
			isa = PBXGroup;
			children = (
				8E9225DB28B56DEC00A2C21E /* AppDelegate.swift */,
				8E9225DD28B56DEC00A2C21E /* SceneDelegate.swift */,
				8E9225DF28B56DEC00A2C21E /* ViewController.swift */,
				8E9225E128B56DEC00A2C21E /* Main.storyboard */,
				8E9225E428B56DEE00A2C21E /* Assets.xcassets */,
				8E9225E628B56DEE00A2C21E /* LaunchScreen.storyboard */,
				8E9225E928B56DEE00A2C21E /* Info.plist */,
			);
			path = "I am Rich";
			sourceTree = "<group>";
		};
		8E9225F128B56DEF00A2C21E /* I am RichTests */ = {
			isa = PBXGroup;
			children = (
				8E9225F228B56DEF00A2C21E /* I_am_RichTests.swift */,
			);
			path = "I am RichTests";
			sourceTree = "<group>";
		};
		8E9225FB28B56DEF00A2C21E /* I am RichUITests */ = {
			isa = PBXGroup;
			children = (
				8E9225FC28B56DEF00A2C21E /* I_am_RichUITests.swift */,
				8E9225FE28B56DEF00A2C21E /* I_am_RichUITestsLaunchTests.swift */,
			);
			path = "I am RichUITests";
			sourceTree = "<group>";
		};
/* End PBXGroup section */

/* Begin PBXNativeTarget section */
		8E9225D728B56DEC00A2C21E /* I am Rich */ = {
			isa = PBXNativeTarget;
			buildConfigurationList = 8E92260228B56DEF00A2C21E /* Build configuration list for PBXNativeTarget "I am Rich" */;
			buildPhases = (
				8E9225D428B56DEC00A2C21E /* Sources */,
				8E9225D528B56DEC00A2C21E /* Frameworks */,
				8E9225D628B56DEC00A2C21E /* Resources */,
			);
			buildRules = (
			);
			dependencies = (
			);
			name = "I am Rich";
			productName = "I am Rich";
			productReference = 8E9225D828B56DEC00A2C21E /* I am Rich.app */;
			productType = "com.apple.product-type.application";
		};
		8E9225ED28B56DEF00A2C21E /* I am RichTests */ = {
			isa = PBXNativeTarget;
			buildConfigurationList = 8E92260528B56DEF00A2C21E /* Build configuration list for PBXNativeTarget "I am RichTests" */;
			buildPhases = (
				8E9225EA28B56DEF00A2C21E /* Sources */,
				8E9225EB28B56DEF00A2C21E /* Frameworks */,
				8E9225EC28B56DEF00A2C21E /* Resources */,
			);
			buildRules = (
			);
			dependencies = (
				8E9225F028B56DEF00A2C21E /* PBXTargetDependency */,
			);
			name = "I am RichTests";
			productName = "I am RichTests";
			productReference = 8E9225EE28B56DEF00A2C21E /* I am RichTests.xctest */;
			productType = "com.apple.product-type.bundle.unit-test";
		};
		8E9225F728B56DEF00A2C21E /* I am RichUITests */ = {
			isa = PBXNativeTarget;
			buildConfigurationList = 8E92260828B56DEF00A2C21E /* Build configuration list for PBXNativeTarget "I am RichUITests" */;
			buildPhases = (
				8E9225F428B56DEF00A2C21E /* Sources */,
				8E9225F528B56DEF00A2C21E /* Frameworks */,
				8E9225F628B56DEF00A2C21E /* Resources */,
			);
			buildRules = (
			);
			dependencies = (
				8E9225FA28B56DEF00A2C21E /* PBXTargetDependency */,
			);
			name = "I am RichUITests";
			productName = "I am RichUITests";
			productReference = 8E9225F828B56DEF00A2C21E /* I am RichUITests.xctest */;
			productType = "com.apple.product-type.bundle.ui-testing";
		};
/* End PBXNativeTarget section */

/* Begin PBXProject section */
		8E9225D028B56DEC00A2C21E /* Project object */ = {
			isa = PBXProject;
			attributes = {
				BuildIndependentTargetsInParallel = 1;
				LastSwiftUpdateCheck = 1340;
				LastUpgradeCheck = 1340;
				TargetAttributes = {
					8E9225D728B56DEC00A2C21E = {
						CreatedOnToolsVersion = 13.4.1;
					};
					8E9225ED28B56DEF00A2C21E = {
						CreatedOnToolsVersion = 13.4.1;
						TestTargetID = 8E9225D728B56DEC00A2C21E;
					};
					8E9225F728B56DEF00A2C21E = {
						CreatedOnToolsVersion = 13.4.1;
						TestTargetID = 8E9225D728B56DEC00A2C21E;
					};
				};
			};
			buildConfigurationList = 8E9225D328B56DEC00A2C21E /* Build configuration list for PBXProject "I am Rich" */;
			compatibilityVersion = "Xcode 13.0";
			developmentRegion = en;
			hasScannedForEncodings = 0;
			knownRegions = (
				en,
				Base,
			);
			mainGroup = 8E9225CF28B56DEC00A2C21E;
			productRefGroup = 8E9225D928B56DEC00A2C21E /* Products */;
			projectDirPath = "";
			projectRoot = "";
			targets = (
				8E9225D728B56DEC00A2C21E /* I am Rich */,
				8E9225ED28B56DEF00A2C21E /* I am RichTests */,
				8E9225F728B56DEF00A2C21E /* I am RichUITests */,
			);
		};
/* End PBXProject section */

/* Begin PBXResourcesBuildPhase section */
		8E9225D628B56DEC00A2C21E /* Resources */ = {
			isa = PBXResourcesBuildPhase;
			buildActionMask = 2147483647;
			files = (
				8E9225E828B56DEE00A2C21E /* LaunchScreen.storyboard in Resources */,
				8E9225E528B56DEE00A2C21E /* Assets.xcassets in Resources */,
				8E9225E328B56DEC00A2C21E /* Main.storyboard in Resources */,
			);
			runOnlyForDeploymentPostprocessing = 0;
		};
		8E9225EC28B56DEF00A2C21E /* Resources */ = {
			isa = PBXResourcesBuildPhase;
			buildActionMask = 2147483647;
			files = (
			);
			runOnlyForDeploymentPostprocessing = 0;
		};
		8E9225F628B56DEF00A2C21E /* Resources */ = {
			isa = PBXResourcesBuildPhase;
			buildActionMask = 2147483647;
			files = (
			);
			runOnlyForDeploymentPostprocessing = 0;
		};
/* End PBXResourcesBuildPhase section */

/* Begin PBXSourcesBuildPhase section */
		8E9225D428B56DEC00A2C21E /* Sources */ = {
			isa = PBXSourcesBuildPhase;
			buildActionMask = 2147483647;
			files = (
				8E9225E028B56DEC00A2C21E /* ViewController.swift in Sources */,
				8E9225DC28B56DEC00A2C21E /* AppDelegate.swift in Sources */,
				8E9225DE28B56DEC00A2C21E /* SceneDelegate.swift in Sources */,
			);
			runOnlyForDeploymentPostprocessing = 0;
		};
		8E9225EA28B56DEF00A2C21E /* Sources */ = {
			isa = PBXSourcesBuildPhase;
			buildActionMask = 2147483647;
			files = (
				8E9225F328B56DEF00A2C21E /* I_am_RichTests.swift in Sources */,
			);
			runOnlyForDeploymentPostprocessing = 0;
		};
		8E9225F428B56DEF00A2C21E /* Sources */ = {
			isa = PBXSourcesBuildPhase;
			buildActionMask = 2147483647;
			files = (
				8E9225FF28B56DEF00A2C21E /* I_am_RichUITestsLaunchTests.swift in Sources */,
				8E9225FD28B56DEF00A2C21E /* I_am_RichUITests.swift in Sources */,
			);
			runOnlyForDeploymentPostprocessing = 0;
		};
/* End PBXSourcesBuildPhase section */

/* Begin PBXTargetDependency section */
		8E9225F028B56DEF00A2C21E /* PBXTargetDependency */ = {
			isa = PBXTargetDependency;
			target = 8E9225D728B56DEC00A2C21E /* I am Rich */;
			targetProxy = 8E9225EF28B56DEF00A2C21E /* PBXContainerItemProxy */;
		};
		8E9225FA28B56DEF00A2C21E /* PBXTargetDependency */ = {
			isa = PBXTargetDependency;
			target = 8E9225D728B56DEC00A2C21E /* I am Rich */;
			targetProxy = 8E9225F928B56DEF00A2C21E /* PBXContainerItemProxy */;
		};
/* End PBXTargetDependency section */

/* Begin PBXVariantGroup section */
		8E9225E128B56DEC00A2C21E /* Main.storyboard */ = {
			isa = PBXVariantGroup;
			children = (
				8E9225E228B56DEC00A2C21E /* Base */,
			);
			name = Main.storyboard;
			sourceTree = "<group>";
		};
		8E9225E628B56DEE00A2C21E /* LaunchScreen.storyboard */ = {
			isa = PBXVariantGroup;
			children = (
				8E9225E728B56DEE00A2C21E /* Base */,
			);
			name = LaunchScreen.storyboard;
			sourceTree = "<group>";
		};
/* End PBXVariantGroup section */

/* Begin XCBuildConfiguration section */
		8E92260028B56DEF00A2C21E /* Debug */ = {
			isa = XCBuildConfiguration;
			buildSettings = {
				ALWAYS_SEARCH_USER_PATHS = NO;
				CLANG_ANALYZER_NONNULL = YES;
				CLANG_ANALYZER_NUMBER_OBJECT_CONVERSION = YES_AGGRESSIVE;
				CLANG_CXX_LANGUAGE_STANDARD = "gnu++17";
				CLANG_ENABLE_MODULES = YES;
				CLANG_ENABLE_OBJC_ARC = YES;
				CLANG_ENABLE_OBJC_WEAK = YES;
				CLANG_WARN_BLOCK_CAPTURE_AUTORELEASING = YES;
				CLANG_WARN_BOOL_CONVERSION = YES;
				CLANG_WARN_COMMA = YES;
				CLANG_WARN_CONSTANT_CONVERSION = YES;
				CLANG_WARN_DEPRECATED_OBJC_IMPLEMENTATIONS = YES;
				CLANG_WARN_DIRECT_OBJC_ISA_USAGE = YES_ERROR;
				CLANG_WARN_DOCUMENTATION_COMMENTS = YES;
				CLANG_WARN_EMPTY_BODY = YES;
				CLANG_WARN_ENUM_CONVERSION = YES;
				CLANG_WARN_INFINITE_RECURSION = YES;
				CLANG_WARN_INT_CONVERSION = YES;
				CLANG_WARN_NON_LITERAL_NULL_CONVERSION = YES;
				CLANG_WARN_OBJC_IMPLICIT_RETAIN_SELF = YES;
				CLANG_WARN_OBJC_LITERAL_CONVERSION = YES;
				CLANG_WARN_OBJC_ROOT_CLASS = YES_ERROR;
				CLANG_WARN_QUOTED_INCLUDE_IN_FRAMEWORK_HEADER = YES;
				CLANG_WARN_RANGE_LOOP_ANALYSIS = YES;
				CLANG_WARN_STRICT_PROTOTYPES = YES;
				CLANG_WARN_SUSPICIOUS_MOVE = YES;
				CLANG_WARN_UNGUARDED_AVAILABILITY = YES_AGGRESSIVE;
				CLANG_WARN_UNREACHABLE_CODE = YES;
				CLANG_WARN__DUPLICATE_METHOD_MATCH = YES;
				COPY_PHASE_STRIP = NO;
				DEBUG_INFORMATION_FORMAT = dwarf;
				ENABLE_STRICT_OBJC_MSGSEND = YES;
				ENABLE_TESTABILITY = YES;
				GCC_C_LANGUAGE_STANDARD = gnu11;
				GCC_DYNAMIC_NO_PIC = NO;
				GCC_NO_COMMON_BLOCKS = YES;
				GCC_OPTIMIZATION_LEVEL = 0;
				GCC_PREPROCESSOR_DEFINITIONS = (
					"DEBUG=1",
					"$(inherited)",
				);
				GCC_WARN_64_TO_32_BIT_CONVERSION = YES;
				GCC_WARN_ABOUT_RETURN_TYPE = YES_ERROR;
				GCC_WARN_UNDECLARED_SELECTOR = YES;
				GCC_WARN_UNINITIALIZED_AUTOS = YES_AGGRESSIVE;
				GCC_WARN_UNUSED_FUNCTION = YES;
				GCC_WARN_UNUSED_VARIABLE = YES;
				IPHONEOS_DEPLOYMENT_TARGET = 15.5;
				MTL_ENABLE_DEBUG_INFO = INCLUDE_SOURCE;
				MTL_FAST_MATH = YES;
				ONLY_ACTIVE_ARCH = YES;
				SDKROOT = iphoneos;
				SWIFT_ACTIVE_COMPILATION_CONDITIONS = DEBUG;
				SWIFT_OPTIMIZATION_LEVEL = "-Onone";
			};
			name = Debug;
		};
		8E92260128B56DEF00A2C21E /* Release */ = {
			isa = XCBuildConfiguration;
			buildSettings = {
				ALWAYS_SEARCH_USER_PATHS = NO;
				CLANG_ANALYZER_NONNULL = YES;
				CLANG_ANALYZER_NUMBER_OBJECT_CONVERSION = YES_AGGRESSIVE;
				CLANG_CXX_LANGUAGE_STANDARD = "gnu++17";
				CLANG_ENABLE_MODULES = YES;
				CLANG_ENABLE_OBJC_ARC = YES;
				CLANG_ENABLE_OBJC_WEAK = YES;
				CLANG_WARN_BLOCK_CAPTURE_AUTORELEASING = YES;
				CLANG_WARN_BOOL_CONVERSION = YES;
				CLANG_WARN_COMMA = YES;
				CLANG_WARN_CONSTANT_CONVERSION = YES;
				CLANG_WARN_DEPRECATED_OBJC_IMPLEMENTATIONS = YES;
				CLANG_WARN_DIRECT_OBJC_ISA_USAGE = YES_ERROR;
				CLANG_WARN_DOCUMENTATION_COMMENTS = YES;
				CLANG_WARN_EMPTY_BODY = YES;
				CLANG_WARN_ENUM_CONVERSION = YES;
				CLANG_WARN_INFINITE_RECURSION = YES;
				CLANG_WARN_INT_CONVERSION = YES;
				CLANG_WARN_NON_LITERAL_NULL_CONVERSION = YES;
				CLANG_WARN_OBJC_IMPLICIT_RETAIN_SELF = YES;
				CLANG_WARN_OBJC_LITERAL_CONVERSION = YES;
				CLANG_WARN_OBJC_ROOT_CLASS = YES_ERROR;
				CLANG_WARN_QUOTED_INCLUDE_IN_FRAMEWORK_HEADER = YES;
				CLANG_WARN_RANGE_LOOP_ANALYSIS = YES;
				CLANG_WARN_STRICT_PROTOTYPES = YES;
				CLANG_WARN_SUSPICIOUS_MOVE = YES;
				CLANG_WARN_UNGUARDED_AVAILABILITY = YES_AGGRESSIVE;
				CLANG_WARN_UNREACHABLE_CODE = YES;
				CLANG_WARN__DUPLICATE_METHOD_MATCH = YES;
				COPY_PHASE_STRIP = NO;
				DEBUG_INFORMATION_FORMAT = "dwarf-with-dsym";
				ENABLE_NS_ASSERTIONS = NO;
				ENABLE_STRICT_OBJC_MSGSEND = YES;
				GCC_C_LANGUAGE_STANDARD = gnu11;
				GCC_NO_COMMON_BLOCKS = YES;
				GCC_WARN_64_TO_32_BIT_CONVERSION = YES;
				GCC_WARN_ABOUT_RETURN_TYPE = YES_ERROR;
				GCC_WARN_UNDECLARED_SELECTOR = YES;
				GCC_WARN_UNINITIALIZED_AUTOS = YES_AGGRESSIVE;
				GCC_WARN_UNUSED_FUNCTION = YES;
				GCC_WARN_UNUSED_VARIABLE = YES;
				IPHONEOS_DEPLOYMENT_TARGET = 15.5;
				MTL_ENABLE_DEBUG_INFO = NO;
				MTL_FAST_MATH = YES;
				SDKROOT = iphoneos;
				SWIFT_COMPILATION_MODE = wholemodule;
				SWIFT_OPTIMIZATION_LEVEL = "-O";
				VALIDATE_PRODUCT = YES;
			};
			name = Release;
		};
		8E92260328B56DEF00A2C21E /* Debug */ = {
			isa = XCBuildConfiguration;
			buildSettings = {
				ASSETCATALOG_COMPILER_APPICON_NAME = AppIcon;
				ASSETCATALOG_COMPILER_GLOBAL_ACCENT_COLOR_NAME = AccentColor;
				CODE_SIGN_STYLE = Automatic;
				CURRENT_PROJECT_VERSION = 1;
				GENERATE_INFOPLIST_FILE = YES;
				INFOPLIST_FILE = "I am Rich/Info.plist";
				INFOPLIST_KEY_UIApplicationSupportsIndirectInputEvents = YES;
				INFOPLIST_KEY_UILaunchStoryboardName = LaunchScreen;
				INFOPLIST_KEY_UIMainStoryboardFile = Main;
				INFOPLIST_KEY_UISupportedInterfaceOrientations_iPad = "UIInterfaceOrientationPortrait UIInterfaceOrientationPortraitUpsideDown UIInterfaceOrientationLandscapeLeft UIInterfaceOrientationLandscapeRight";
				INFOPLIST_KEY_UISupportedInterfaceOrientations_iPhone = "UIInterfaceOrientationPortrait UIInterfaceOrientationLandscapeLeft UIInterfaceOrientationLandscapeRight";
				LD_RUNPATH_SEARCH_PATHS = (
					"$(inherited)",
					"@executable_path/Frameworks",
				);
				MARKETING_VERSION = 1.0;
				PRODUCT_BUNDLE_IDENTIFIER = "kr.llaabb.I-am-Rich";
				PRODUCT_NAME = "$(TARGET_NAME)";
				SWIFT_EMIT_LOC_STRINGS = YES;
				SWIFT_VERSION = 5.0;
				TARGETED_DEVICE_FAMILY = "1,2";
			};
			name = Debug;
		};
		8E92260428B56DEF00A2C21E /* Release */ = {
			isa = XCBuildConfiguration;
			buildSettings = {
				ASSETCATALOG_COMPILER_APPICON_NAME = AppIcon;
				ASSETCATALOG_COMPILER_GLOBAL_ACCENT_COLOR_NAME = AccentColor;
				CODE_SIGN_STYLE = Automatic;
				CURRENT_PROJECT_VERSION = 1;
				GENERATE_INFOPLIST_FILE = YES;
				INFOPLIST_FILE = "I am Rich/Info.plist";
				INFOPLIST_KEY_UIApplicationSupportsIndirectInputEvents = YES;
				INFOPLIST_KEY_UILaunchStoryboardName = LaunchScreen;
				INFOPLIST_KEY_UIMainStoryboardFile = Main;
				INFOPLIST_KEY_UISupportedInterfaceOrientations_iPad = "UIInterfaceOrientationPortrait UIInterfaceOrientationPortraitUpsideDown UIInterfaceOrientationLandscapeLeft UIInterfaceOrientationLandscapeRight";
				INFOPLIST_KEY_UISupportedInterfaceOrientations_iPhone = "UIInterfaceOrientationPortrait UIInterfaceOrientationLandscapeLeft UIInterfaceOrientationLandscapeRight";
				LD_RUNPATH_SEARCH_PATHS = (
					"$(inherited)",
					"@executable_path/Frameworks",
				);
				MARKETING_VERSION = 1.0;
				PRODUCT_BUNDLE_IDENTIFIER = "kr.llaabb.I-am-Rich";
				PRODUCT_NAME = "$(TARGET_NAME)";
				SWIFT_EMIT_LOC_STRINGS = YES;
				SWIFT_VERSION = 5.0;
				TARGETED_DEVICE_FAMILY = "1,2";
			};
			name = Release;
		};
		8E92260628B56DEF00A2C21E /* Debug */ = {
			isa = XCBuildConfiguration;
			buildSettings = {
				ALWAYS_EMBED_SWIFT_STANDARD_LIBRARIES = YES;
				BUNDLE_LOADER = "$(TEST_HOST)";
				CODE_SIGN_STYLE = Automatic;
				CURRENT_PROJECT_VERSION = 1;
				GENERATE_INFOPLIST_FILE = YES;
				IPHONEOS_DEPLOYMENT_TARGET = 15.5;
				MARKETING_VERSION = 1.0;
				PRODUCT_BUNDLE_IDENTIFIER = "kr.llaabb.I-am-RichTests";
				PRODUCT_NAME = "$(TARGET_NAME)";
				SWIFT_EMIT_LOC_STRINGS = NO;
				SWIFT_VERSION = 5.0;
				TARGETED_DEVICE_FAMILY = "1,2";
				TEST_HOST = "$(BUILT_PRODUCTS_DIR)/I am Rich.app/I am Rich";
			};
			name = Debug;
		};
		8E92260728B56DEF00A2C21E /* Release */ = {
			isa = XCBuildConfiguration;
			buildSettings = {
				ALWAYS_EMBED_SWIFT_STANDARD_LIBRARIES = YES;
				BUNDLE_LOADER = "$(TEST_HOST)";
				CODE_SIGN_STYLE = Automatic;
				CURRENT_PROJECT_VERSION = 1;
				GENERATE_INFOPLIST_FILE = YES;
				IPHONEOS_DEPLOYMENT_TARGET = 15.5;
				MARKETING_VERSION = 1.0;
				PRODUCT_BUNDLE_IDENTIFIER = "kr.llaabb.I-am-RichTests";
				PRODUCT_NAME = "$(TARGET_NAME)";
				SWIFT_EMIT_LOC_STRINGS = NO;
				SWIFT_VERSION = 5.0;
				TARGETED_DEVICE_FAMILY = "1,2";
				TEST_HOST = "$(BUILT_PRODUCTS_DIR)/I am Rich.app/I am Rich";
			};
			name = Release;
		};
		8E92260928B56DEF00A2C21E /* Debug */ = {
			isa = XCBuildConfiguration;
			buildSettings = {
				ALWAYS_EMBED_SWIFT_STANDARD_LIBRARIES = YES;
				CODE_SIGN_STYLE = Automatic;
				CURRENT_PROJECT_VERSION = 1;
				GENERATE_INFOPLIST_FILE = YES;
				MARKETING_VERSION = 1.0;
				PRODUCT_BUNDLE_IDENTIFIER = "kr.llaabb.I-am-RichUITests";
				PRODUCT_NAME = "$(TARGET_NAME)";
				SWIFT_EMIT_LOC_STRINGS = NO;
				SWIFT_VERSION = 5.0;
				TARGETED_DEVICE_FAMILY = "1,2";
				TEST_TARGET_NAME = "I am Rich";
			};
			name = Debug;
		};
		8E92260A28B56DEF00A2C21E /* Release */ = {
			isa = XCBuildConfiguration;
			buildSettings = {
				ALWAYS_EMBED_SWIFT_STANDARD_LIBRARIES = YES;
				CODE_SIGN_STYLE = Automatic;
				CURRENT_PROJECT_VERSION = 1;
				GENERATE_INFOPLIST_FILE = YES;
				MARKETING_VERSION = 1.0;
				PRODUCT_BUNDLE_IDENTIFIER = "kr.llaabb.I-am-RichUITests";
				PRODUCT_NAME = "$(TARGET_NAME)";
				SWIFT_EMIT_LOC_STRINGS = NO;
				SWIFT_VERSION = 5.0;
				TARGETED_DEVICE_FAMILY = "1,2";
				TEST_TARGET_NAME = "I am Rich";
			};
			name = Release;
		};
/* End XCBuildConfiguration section */

/* Begin XCConfigurationList section */
		8E9225D328B56DEC00A2C21E /* Build configuration list for PBXProject "I am Rich" */ = {
			isa = XCConfigurationList;
			buildConfigurations = (
				8E92260028B56DEF00A2C21E /* Debug */,
				8E92260128B56DEF00A2C21E /* Release */,
			);
			defaultConfigurationIsVisible = 0;
			defaultConfigurationName = Release;
		};
		8E92260228B56DEF00A2C21E /* Build configuration list for PBXNativeTarget "I am Rich" */ = {
			isa = XCConfigurationList;
			buildConfigurations = (
				8E92260328B56DEF00A2C21E /* Debug */,
				8E92260428B56DEF00A2C21E /* Release */,
			);
			defaultConfigurationIsVisible = 0;
			defaultConfigurationName = Release;
		};
		8E92260528B56DEF00A2C21E /* Build configuration list for PBXNativeTarget "I am RichTests" */ = {
			isa = XCConfigurationList;
			buildConfigurations = (
				8E92260628B56DEF00A2C21E /* Debug */,
				8E92260728B56DEF00A2C21E /* Release */,
			);
			defaultConfigurationIsVisible = 0;
			defaultConfigurationName = Release;
		};
		8E92260828B56DEF00A2C21E /* Build configuration list for PBXNativeTarget "I am RichUITests" */ = {
			isa = XCConfigurationList;
			buildConfigurations = (
				8E92260928B56DEF00A2C21E /* Debug */,
				8E92260A28B56DEF00A2C21E /* Release */,
			);
			defaultConfigurationIsVisible = 0;
			defaultConfigurationName = Release;
		};
/* End XCConfigurationList section */
	};
	rootObject = 8E9225D028B56DEC00A2C21E /* Project object */;
}
